
Microsoft Visual Studio Solution File, Format Version 12.00
# Visual Studio Version 17
VisualStudioVersion = 17.8.34330.188
MinimumVisualStudioVersion = 10.0.40219.1
Project("{FAE04EC0-301F-11D3-BF4B-00C04F79EFBC}") = "TTechNewsCMSClient", "TTechNewsCMSClient\TTechNewsCMSClient.csproj", "{E2BD1966-4F4E-4622-A082-430E7401B6E9}"
EndProject
Project("{FAE04EC0-301F-11D3-BF4B-00C04F79EFBC}") = "TTechCMSApiGateway", "TTechCMSApiGateway\TTechCMSApiGateway.csproj", "{4C8C32BE-B359-45D1-89B1-0FEA5A16ED7B}"
EndProject
Global
	GlobalSection(SolutionConfigurationPlatforms) = preSolution
		Debug|Any CPU = Debug|Any CPU
		Release|Any CPU = Release|Any CPU
	EndGlobalSection
	GlobalSection(ProjectConfigurationPlatforms) = postSolution
		{E2BD1966-4F4E-4622-A082-430E7401B6E9}.Debug|Any CPU.ActiveCfg = Debug|Any CPU
		{E2BD1966-4F4E-4622-A082-430E7401B6E9}.Debug|Any CPU.Build.0 = Debug|Any CPU
		{E2BD1966-4F4E-4622-A082-430E7401B6E9}.Release|Any CPU.ActiveCfg = Release|Any CPU
		{E2BD1966-4F4E-4622-A082-430E7401B6E9}.Release|Any CPU.Build.0 = Release|Any CPU
		{4C8C32BE-B359-45D1-89B1-0FEA5A16ED7B}.Debug|Any CPU.ActiveCfg = Debug|Any CPU
		{4C8C32BE-B359-45D1-89B1-0FEA5A16ED7B}.Debug|Any CPU.Build.0 = Debug|Any CPU
		{4C8C32BE-B359-45D1-89B1-0FEA5A16ED7B}.Release|Any CPU.ActiveCfg = Release|Any CPU
		{4C8C32BE-B359-45D1-89B1-0FEA5A16ED7B}.Release|Any CPU.Build.0 = Release|Any CPU
	EndGlobalSection
	GlobalSection(SolutionProperties) = preSolution
		HideSolutionNode = FALSE
	EndGlobalSection
	GlobalSection(ExtensibilityGlobals) = postSolution
		SolutionGuid = {91CC0C1B-BA5E-42F9-BFD5-9D3D0C775317}
	EndGlobalSection
EndGlobal
